
Microsoft Visual Studio Solution File, Format Version 12.00
# Visual Studio Version 17
VisualStudioVersion = 17.2.32519.379
MinimumVisualStudioVersion = 10.0.40219.1
Project("{2150E333-8FDC-42A3-9474-1A3956D46DE8}") = "ApplicationCore", "ApplicationCore", "{27C4E57F-DDC8-44AB-BEEB-255C75408487}"
EndProject
Project("{2150E333-8FDC-42A3-9474-1A3956D46DE8}") = "WebAPI", "WebAPI", "{C2E56ED5-F183-4536-9129-27811AC9575E}"
EndProject
Project("{9A19103F-16F7-4668-BE54-9A1E7A4F7556}") = "EW.Domain", "EW.Domain\EW.Domain.csproj", "{A0363851-8AC4-40C0-9FAC-FA43F4F80956}"
EndProject
Project("{9A19103F-16F7-4668-BE54-9A1E7A4F7556}") = "EW.Services", "EW.Service\EW.Services.csproj", "{FB38081F-7119-40E7-80DA-16E8703BA883}"
EndProject
Project("{9A19103F-16F7-4668-BE54-9A1E7A4F7556}") = "EW.Infrastructure", "EW.Infrastructure\EW.Infrastructure.csproj", "{8A8FD86E-FC2C-4F2E-A2F6-F965A56384A5}"
EndProject
Project("{9A19103F-16F7-4668-BE54-9A1E7A4F7556}") = "EW.Repository", "EW.Repository\EW.Repository.csproj", "{E6DF8A83-84F2-477D-A08F-ACCFC35F942E}"
EndProject
Project("{9A19103F-16F7-4668-BE54-9A1E7A4F7556}") = "EW.WebAPI", "EW.WebAPI\EW.WebAPI.csproj", "{2E1EA33C-0CD2-4B12-858B-F31A93B010A8}"
EndProject
Project("{9A19103F-16F7-4668-BE54-9A1E7A4F7556}") = "EW.Commons", "EW.Commons\EW.Commons.csproj", "{436A0273-4067-4318-8137-B4ED66AC03A9}"
EndProject
Project("{2150E333-8FDC-42A3-9474-1A3956D46DE8}") = "ExternalServices", "ExternalServices", "{E45B38AD-F826-4907-9C27-B222A69B6699}"
EndProject
Project("{FAE04EC0-301F-11D3-BF4B-00C04F79EFBC}") = "EW.Services.Email", "EW.EmailService\EW.Services.Email.csproj", "{A7086995-4619-48BF-A02C-104F49A38A77}"
EndProject
Project("{FAE04EC0-301F-11D3-BF4B-00C04F79EFBC}") = "EW.MessageSender", "EW.MessageSender\EW.MessageSender.csproj", "{B4ECF620-76A8-4AA2-90D2-77D68F62AE83}"
EndProject
Project("{2150E333-8FDC-42A3-9474-1A3956D46DE8}") = "MessageBus", "MessageBus", "{7A78B7F4-DC99-4345-8BD9-F5479BFF6D80}"
EndProject
Project("{FAE04EC0-301F-11D3-BF4B-00C04F79EFBC}") = "EW.MessageBus", "EW.MessageBus\EW.MessageBus.csproj", "{2F1A0223-5342-422F-843E-CBA8DF59E3A2}"
EndProject
Global
	GlobalSection(SolutionConfigurationPlatforms) = preSolution
		Debug|Any CPU = Debug|Any CPU
		Release|Any CPU = Release|Any CPU
	EndGlobalSection
	GlobalSection(ProjectConfigurationPlatforms) = postSolution
		{A0363851-8AC4-40C0-9FAC-FA43F4F80956}.Debug|Any CPU.ActiveCfg = Debug|Any CPU
		{A0363851-8AC4-40C0-9FAC-FA43F4F80956}.Debug|Any CPU.Build.0 = Debug|Any CPU
		{A0363851-8AC4-40C0-9FAC-FA43F4F80956}.Release|Any CPU.ActiveCfg = Release|Any CPU
		{A0363851-8AC4-40C0-9FAC-FA43F4F80956}.Release|Any CPU.Build.0 = Release|Any CPU
		{FB38081F-7119-40E7-80DA-16E8703BA883}.Debug|Any CPU.ActiveCfg = Debug|Any CPU
		{FB38081F-7119-40E7-80DA-16E8703BA883}.Debug|Any CPU.Build.0 = Debug|Any CPU
		{FB38081F-7119-40E7-80DA-16E8703BA883}.Release|Any CPU.ActiveCfg = Release|Any CPU
		{FB38081F-7119-40E7-80DA-16E8703BA883}.Release|Any CPU.Build.0 = Release|Any CPU
		{8A8FD86E-FC2C-4F2E-A2F6-F965A56384A5}.Debug|Any CPU.ActiveCfg = Debug|Any CPU
		{8A8FD86E-FC2C-4F2E-A2F6-F965A56384A5}.Debug|Any CPU.Build.0 = Debug|Any CPU
		{8A8FD86E-FC2C-4F2E-A2F6-F965A56384A5}.Release|Any CPU.ActiveCfg = Release|Any CPU
		{8A8FD86E-FC2C-4F2E-A2F6-F965A56384A5}.Release|Any CPU.Build.0 = Release|Any CPU
		{E6DF8A83-84F2-477D-A08F-ACCFC35F942E}.Debug|Any CPU.ActiveCfg = Debug|Any CPU
		{E6DF8A83-84F2-477D-A08F-ACCFC35F942E}.Debug|Any CPU.Build.0 = Debug|Any CPU
		{E6DF8A83-84F2-477D-A08F-ACCFC35F942E}.Release|Any CPU.ActiveCfg = Release|Any CPU
		{E6DF8A83-84F2-477D-A08F-ACCFC35F942E}.Release|Any CPU.Build.0 = Release|Any CPU
		{2E1EA33C-0CD2-4B12-858B-F31A93B010A8}.Debug|Any CPU.ActiveCfg = Debug|Any CPU
		{2E1EA33C-0CD2-4B12-858B-F31A93B010A8}.Debug|Any CPU.Build.0 = Debug|Any CPU
		{2E1EA33C-0CD2-4B12-858B-F31A93B010A8}.Release|Any CPU.ActiveCfg = Release|Any CPU
		{2E1EA33C-0CD2-4B12-858B-F31A93B010A8}.Release|Any CPU.Build.0 = Release|Any CPU
		{436A0273-4067-4318-8137-B4ED66AC03A9}.Debug|Any CPU.ActiveCfg = Debug|Any CPU
		{436A0273-4067-4318-8137-B4ED66AC03A9}.Debug|Any CPU.Build.0 = Debug|Any CPU
		{436A0273-4067-4318-8137-B4ED66AC03A9}.Release|Any CPU.ActiveCfg = Release|Any CPU
		{436A0273-4067-4318-8137-B4ED66AC03A9}.Release|Any CPU.Build.0 = Release|Any CPU
		{A7086995-4619-48BF-A02C-104F49A38A77}.Debug|Any CPU.ActiveCfg = Debug|Any CPU
		{A7086995-4619-48BF-A02C-104F49A38A77}.Debug|Any CPU.Build.0 = Debug|Any CPU
		{A7086995-4619-48BF-A02C-104F49A38A77}.Release|Any CPU.ActiveCfg = Release|Any CPU
		{A7086995-4619-48BF-A02C-104F49A38A77}.Release|Any CPU.Build.0 = Release|Any CPU
		{B4ECF620-76A8-4AA2-90D2-77D68F62AE83}.Debug|Any CPU.ActiveCfg = Debug|Any CPU
		{B4ECF620-76A8-4AA2-90D2-77D68F62AE83}.Debug|Any CPU.Build.0 = Debug|Any CPU
		{B4ECF620-76A8-4AA2-90D2-77D68F62AE83}.Release|Any CPU.ActiveCfg = Release|Any CPU
		{B4ECF620-76A8-4AA2-90D2-77D68F62AE83}.Release|Any CPU.Build.0 = Release|Any CPU
		{2F1A0223-5342-422F-843E-CBA8DF59E3A2}.Debug|Any CPU.ActiveCfg = Debug|Any CPU
		{2F1A0223-5342-422F-843E-CBA8DF59E3A2}.Debug|Any CPU.Build.0 = Debug|Any CPU
		{2F1A0223-5342-422F-843E-CBA8DF59E3A2}.Release|Any CPU.ActiveCfg = Release|Any CPU
		{2F1A0223-5342-422F-843E-CBA8DF59E3A2}.Release|Any CPU.Build.0 = Release|Any CPU
	EndGlobalSection
	GlobalSection(SolutionProperties) = preSolution
		HideSolutionNode = FALSE
	EndGlobalSection
	GlobalSection(NestedProjects) = preSolution
		{A0363851-8AC4-40C0-9FAC-FA43F4F80956} = {27C4E57F-DDC8-44AB-BEEB-255C75408487}
		{FB38081F-7119-40E7-80DA-16E8703BA883} = {27C4E57F-DDC8-44AB-BEEB-255C75408487}
		{8A8FD86E-FC2C-4F2E-A2F6-F965A56384A5} = {27C4E57F-DDC8-44AB-BEEB-255C75408487}
		{E6DF8A83-84F2-477D-A08F-ACCFC35F942E} = {27C4E57F-DDC8-44AB-BEEB-255C75408487}
		{2E1EA33C-0CD2-4B12-858B-F31A93B010A8} = {C2E56ED5-F183-4536-9129-27811AC9575E}
		{436A0273-4067-4318-8137-B4ED66AC03A9} = {27C4E57F-DDC8-44AB-BEEB-255C75408487}
		{A7086995-4619-48BF-A02C-104F49A38A77} = {E45B38AD-F826-4907-9C27-B222A69B6699}
		{B4ECF620-76A8-4AA2-90D2-77D68F62AE83} = {27C4E57F-DDC8-44AB-BEEB-255C75408487}
		{2F1A0223-5342-422F-843E-CBA8DF59E3A2} = {7A78B7F4-DC99-4345-8BD9-F5479BFF6D80}
	EndGlobalSection
	GlobalSection(ExtensibilityGlobals) = postSolution
		SolutionGuid = {5D7DFC5D-1E87-45FD-9C65-8B26CEC73F90}
	EndGlobalSection
EndGlobal
